
Microsoft Visual Studio Solution File, Format Version 12.00
# Visual Studio Version 17
VisualStudioVersion = 17.5.33502.453
MinimumVisualStudioVersion = 10.0.40219.1
Project("{FAE04EC0-301F-11D3-BF4B-00C04F79EFBC}") = "Prakt08", "Prakt08\Prakt08.csproj", "{F774419C-49FD-4FE1-AAD6-D0B0DD00C707}"
EndProject
Global
	GlobalSection(SolutionConfigurationPlatforms) = preSolution
		Debug|Any CPU = Debug|Any CPU
		Release|Any CPU = Release|Any CPU
	EndGlobalSection
	GlobalSection(ProjectConfigurationPlatforms) = postSolution
		{F774419C-49FD-4FE1-AAD6-D0B0DD00C707}.Debug|Any CPU.ActiveCfg = Debug|Any CPU
		{F774419C-49FD-4FE1-AAD6-D0B0DD00C707}.Debug|Any CPU.Build.0 = Debug|Any CPU
		{F774419C-49FD-4FE1-AAD6-D0B0DD00C707}.Release|Any CPU.ActiveCfg = Release|Any CPU
		{F774419C-49FD-4FE1-AAD6-D0B0DD00C707}.Release|Any CPU.Build.0 = Release|Any CPU
	EndGlobalSection
	GlobalSection(SolutionProperties) = preSolution
		HideSolutionNode = FALSE
	EndGlobalSection
	GlobalSection(ExtensibilityGlobals) = postSolution
		SolutionGuid = {017B57B5-C606-47BC-8406-38519FAE3E70}
	EndGlobalSection
EndGlobal
